
Microsoft Visual Studio Solution File, Format Version 12.00
# Visual Studio 2013
VisualStudioVersion = 12.0.40629.0
MinimumVisualStudioVersion = 10.0.40219.1
Project("{2150E333-8FDC-42A3-9474-1A3956D46DE8}") = "REST API", "REST API", "{D8B2BA5C-87E7-445B-8275-78DDAD1A5DA6}"
EndProject
Project("{2150E333-8FDC-42A3-9474-1A3956D46DE8}") = "Messaging", "Messaging", "{3467793A-F4A5-42D3-8059-9106828E9A78}"
EndProject
Project("{2150E333-8FDC-42A3-9474-1A3956D46DE8}") = "Proxy", "Proxy", "{FD954637-E856-44EA-9F64-574C8D9FF5A2}"
EndProject
Project("{FAE04EC0-301F-11D3-BF4B-00C04F79EFBC}") = "ST.IoT.API.REST.Proxy.Net.RestProxyConsoleHost", "ST.IoT.API.REST.Proxy.Net.ProxyConsoleHost\ST.IoT.API.REST.Proxy.Net.RestProxyConsoleHost.csproj", "{2850AEB6-3AA5-455C-BDD1-FA442993B5BD}"
EndProject
Project("{FAE04EC0-301F-11D3-BF4B-00C04F79EFBC}") = "ST.IoT.API.REST.Proxy.Interfaces", "ST.IoT.API.REST.Proxy.Interfaces\ST.IoT.API.REST.Proxy.Interfaces.csproj", "{3F935D88-4B4A-4169-83DB-181A64DDC7A4}"
EndProject
Project("{FAE04EC0-301F-11D3-BF4B-00C04F79EFBC}") = "ST.IoT.API.REST.Proxy.OWIN", "ST.IoT.API.REST.Proxy.OWIN\ST.IoT.API.REST.Proxy.OWIN.csproj", "{EF152B6F-E350-4865-AE93-56622CA5BD0E}"
EndProject
Project("{FAE04EC0-301F-11D3-BF4B-00C04F79EFBC}") = "ST.IoT.Messaging.HttpRequestGateway.Interfaces", "ST.IoT.Messaging.HttpRequestGateway.Interfaces\ST.IoT.Messaging.HttpRequestGateway.Interfaces.csproj", "{4B56AE1C-7FC1-4FC7-9C2E-BD40DEA84CD6}"
EndProject
Project("{FAE04EC0-301F-11D3-BF4B-00C04F79EFBC}") = "ST.IoT.Messaging.HttpRequestGateway.MassTransit2RabbitMQ", "ST.IoT.Messaging.HttpRequestGateway.MassTransit2RabbitMQ\ST.IoT.Messaging.HttpRequestGateway.MassTransit2RabbitMQ.csproj", "{9250E7A7-02FB-45D2-8400-413B7C9087BA}"
EndProject
Project("{2150E333-8FDC-42A3-9474-1A3956D46DE8}") = "Routing", "Routing", "{4882B679-73CA-4CD1-ADE8-2231FD9495A2}"
EndProject
Project("{FAE04EC0-301F-11D3-BF4B-00C04F79EFBC}") = "ST.IoT.API.REST.Router", "ST.IoT.API.REST.Router\ST.IoT.API.REST.Router.csproj", "{74974273-3FC3-44BA-BD83-67782FD91AA4}"
EndProject
Project("{2150E333-8FDC-42A3-9474-1A3956D46DE8}") = "Common", "Common", "{442A32E6-3E5D-4A9D-8723-EA7078FDC8AA}"
EndProject
Project("{FAE04EC0-301F-11D3-BF4B-00C04F79EFBC}") = "ST.IoT.Messaging.BusFactories.RabbitMQ", "ST.IoT.Messaging.BusFactories.RabbitMQ\ST.IoT.Messaging.BusFactories.RabbitMQ.csproj", "{D180F34B-C16C-4EEF-A8A4-80A101B6A279}"
EndProject
Project("{2150E333-8FDC-42A3-9474-1A3956D46DE8}") = "Hybrid", "Hybrid", "{72B7C7B2-8F35-42BC-8C3E-B6E87748AC36}"
EndProject
Project("{FAE04EC0-301F-11D3-BF4B-00C04F79EFBC}") = "ST.IoT.Common", "ST.IoT.Common\ST.IoT.Common.csproj", "{9F834D0E-3E8F-436C-AED7-FC87978DF7B9}"
EndProject
Project("{FAE04EC0-301F-11D3-BF4B-00C04F79EFBC}") = "ST.IoT.Hybrid.RabbitProxyAndRouterConsoleHost", "ST.IoT.Hybrid.RabbitProxyAndRouterConsoleHost\ST.IoT.Hybrid.RabbitProxyAndRouterConsoleHost.csproj", "{2891CCE1-71CD-4916-8357-F3AA0B21D7F9}"
EndProject
Project("{2150E333-8FDC-42A3-9474-1A3956D46DE8}") = "Misc", "Misc", "{CBD9C6BE-4AC7-471D-A029-A5E525E644DC}"
EndProject
Project("{2150E333-8FDC-42A3-9474-1A3956D46DE8}") = "Spikes", "Spikes", "{73CB2A9A-F92A-47BC-B3C8-E7677B371897}"
EndProject
Project("{FAE04EC0-301F-11D3-BF4B-00C04F79EFBC}") = "ST.IoT.Spikes.DeleteAllQueuesOnRabbitVirtualHost", "ST.IoT.Spikes.DeleteAllQueuesOnRabbitVirtualHost\ST.IoT.Spikes.DeleteAllQueuesOnRabbitVirtualHost.csproj", "{3228798E-5937-4DB1-B668-1130217F0EE4}"
EndProject
Project("{FAE04EC0-301F-11D3-BF4B-00C04F79EFBC}") = "ST.IoT.Spikes.RabbitMQ.MassTransit.RequestReplyReceiver", "ST.IoT.Spikes.RabbitMQ.MassTransit.RequestReplyReceiver\ST.IoT.Spikes.RabbitMQ.MassTransit.RequestReplyReceiver.csproj", "{F76CAEB2-3AA6-462C-9154-C4A1BDD55D56}"
EndProject
Project("{2150E333-8FDC-42A3-9474-1A3956D46DE8}") = "RabbitMQ-MassTransit", "RabbitMQ-MassTransit", "{29BEF99B-9792-4284-8E96-4A9BFE7D0E17}"
EndProject
Project("{2150E333-8FDC-42A3-9474-1A3956D46DE8}") = "Native", "Native", "{56549915-42D7-4A09-ABEE-C2E267552974}"
EndProject
Project("{FAE04EC0-301F-11D3-BF4B-00C04F79EFBC}") = "ST.IoT.Spikes.RabbitMQ.MassTransit.RequestReplySender", "ST.IoT.Spikes.RabbitMQ.MassTransit.RequestReplySender\ST.IoT.Spikes.RabbitMQ.MassTransit.RequestReplySender.csproj", "{3074D5C0-B361-4A99-8F3F-36CD0DCC0D7F}"
EndProject
Project("{FAE04EC0-301F-11D3-BF4B-00C04F79EFBC}") = "ST.IoT.Spikes.RabbitMQ.MassTransit.Messages", "ST.IoT.Spikes.RabbitMQ.MassTransit.Messages\ST.IoT.Spikes.RabbitMQ.MassTransit.Messages.csproj", "{1A6E21E3-FD11-4531-A89B-A33D291D1B86}"
EndProject
Project("{2150E333-8FDC-42A3-9474-1A3956D46DE8}") = "Framework", "Framework", "{0189D815-5264-4733-B85D-9C3E34C459A1}"
EndProject
Project("{FAE04EC0-301F-11D3-BF4B-00C04F79EFBC}") = "ST.IoT.Spikes.RabbitMQ.MassTransit.FW.RequestReplyReceiver", "ST.IoT.Spikes.RabbitMQ.MassTransit.FW.RequestReplyReceiver\ST.IoT.Spikes.RabbitMQ.MassTransit.FW.RequestReplyReceiver.csproj", "{CF9794E6-2A5F-4900-AD3B-3D442EBBFE7E}"
EndProject
Project("{FAE04EC0-301F-11D3-BF4B-00C04F79EFBC}") = "ST.IoT.Spikes.RabbitMQ.MassTransit.FW.RequestReplySender", "ST.IoT.Spikes.RabbitMQ.MassTransit.FW.RequestReplySender\ST.IoT.Spikes.RabbitMQ.MassTransit.FW.RequestReplySender.csproj", "{673B0121-8955-4096-9F00-B0EB298F2F91}"
EndProject
Project("{FAE04EC0-301F-11D3-BF4B-00C04F79EFBC}") = "ST.IoT.API.REST.Router.RouterConsoleHost", "ST.IoT.API.REST.Router.RouterConsoleHost\ST.IoT.API.REST.Router.RouterConsoleHost.csproj", "{72078317-EBEF-47B4-B5A9-820799FEB233}"
EndProject
Project("{FAE04EC0-301F-11D3-BF4B-00C04F79EFBC}") = "ST.IoT.Messaging.Messages.REST.Routing", "ST.IoT.Messaging.Messages.REST.Routing\ST.IoT.Messaging.Messages.REST.Routing.csproj", "{6B75F104-47AE-4C3C-B33D-E88D18BFCC52}"
EndProject
Project("{FAE04EC0-301F-11D3-BF4B-00C04F79EFBC}") = "ST.IoT.Messaging.RabbitMQ", "ST.IoT.Messaging.RabbitMQ\ST.IoT.Messaging.RabbitMQ.csproj", "{2F550B99-21F0-4B0E-AC15-7521E29A0DC8}"
EndProject
Project("{2150E333-8FDC-42A3-9474-1A3956D46DE8}") = "Dweet.io", "Dweet.io", "{F5D4AE40-E52E-4E03-AA73-04D9D89560EF}"
EndProject
Project("{FAE04EC0-301F-11D3-BF4B-00C04F79EFBC}") = "ST.IoT.Dweet.IO.Sharp", "ST.IoT.Dweet.IO.Sharp\ST.IoT.Dweet.IO.Sharp.csproj", "{1C564EF5-3F51-4805-A168-1825C5DF1E28}"
EndProject
Project("{FAE04EC0-301F-11D3-BF4B-00C04F79EFBC}") = "ST.IoT.Dweet.IO.Sharp.Runner", "ST.IoT.Dweet.IO.Sharp.Runner\ST.IoT.Dweet.IO.Sharp.Runner.csproj", "{7129DBAC-7BD4-428F-A7B7-C51C86578E13}"
EndProject
Project("{FAE04EC0-301F-11D3-BF4B-00C04F79EFBC}") = "ST.IoT.Spikes.RouteParserConsole", "ST.IoT.Spikes.RouteParserConsole\ST.IoT.Spikes.RouteParserConsole.csproj", "{8658C247-20D3-48E7-819D-A9FE4AD05ADD}"
EndProject
Project("{2150E333-8FDC-42A3-9474-1A3956D46DE8}") = "Plugins", "Plugins", "{06125B82-C4F0-461E-8897-F6FFD4E8E023}"
EndProject
Project("{FAE04EC0-301F-11D3-BF4B-00C04F79EFBC}") = "ST.IoT.API.REST.Router.Plugins.Interfaces", "ST.IoT.API.REST.Router.Plugins.Interfaces\ST.IoT.API.REST.Router.Plugins.Interfaces.csproj", "{2493ADBE-0D46-4B93-B236-4FFB1989C70B}"
EndProject
Project("{FAE04EC0-301F-11D3-BF4B-00C04F79EFBC}") = "ST.IoT.API.REST.Router.Plugins.Minions", "ST.IoT.API.REST.Router.Plugins.Minions\ST.IoT.API.REST.Router.Plugins.Minions.csproj", "{EE120167-B72E-4F3A-85D3-16A83BBE0F6D}"
EndProject
Project("{2150E333-8FDC-42A3-9474-1A3956D46DE8}") = "Services", "Services", "{38280E56-4107-4B5E-A510-6A720E0555EF}"
EndProject
Project("{FAE04EC0-301F-11D3-BF4B-00C04F79EFBC}") = "ST.IoT.Services.Minions", "ST.IoT.Services.Minions\ST.IoT.Services.Minions.csproj", "{6D091CA1-24C8-4D1E-887D-F456AE5D6D7D}"
EndProject
Project("{FAE04EC0-301F-11D3-BF4B-00C04F79EFBC}") = "ST.IoT.Services.Interfaces", "ST.IoT.Services.Interfaces\ST.IoT.Services.Interfaces.csproj", "{38AF213B-6320-4C46-8878-A21BA73C38CF}"
EndProject
Project("{FAE04EC0-301F-11D3-BF4B-00C04F79EFBC}") = "ST.IoT.Services.Minions.Impl", "ST.IoT.Services.Minions.Impl\ST.IoT.Services.Minions.Impl.csproj", "{CA70397F-6809-4FC6-8FCC-A1FACA830E89}"
EndProject
Project("{FAE04EC0-301F-11D3-BF4B-00C04F79EFBC}") = "ST.IoT.Services.Minions.Data.Neo", "ST.IoT.Services.Minions.Data.Neo\ST.IoT.Services.Minions.Data.Neo.csproj", "{6D6EB29B-3268-4326-B82D-8F7A4C2B7BD8}"
EndProject
Project("{FAE04EC0-301F-11D3-BF4B-00C04F79EFBC}") = "ST.IoT.Services.Minions.Data.Interfaces", "ST.IoT.Services.Minions.Data.Interfaces\ST.IoT.Services.Minions.Data.Interfaces.csproj", "{5C77D3ED-34F2-4275-960C-5AC7D9AA4D43}"
EndProject
Project("{2150E333-8FDC-42A3-9474-1A3956D46DE8}") = "Data", "Data", "{D41C1E62-B92F-4F8C-B502-169ACB1E7C23}"
EndProject
Project("{FAE04EC0-301F-11D3-BF4B-00C04F79EFBC}") = "ST.IoT.Data.Interfaces", "ST.IoT.Data.Interfaces\ST.IoT.Data.Interfaces.csproj", "{E439691A-4EAF-48CE-A18C-B1F561E5A8F0}"
EndProject
Project("{FAE04EC0-301F-11D3-BF4B-00C04F79EFBC}") = "ST.IoT.Data.Neo", "ST.IoT.Data.Neo\ST.IoT.Data.Neo.csproj", "{778DB354-010A-45AA-929A-D16C2A22B23F}"
EndProject
Project("{FAE04EC0-301F-11D3-BF4B-00C04F79EFBC}") = "ST.IoT.Data.Model", "ST.IoT.Data.Model\ST.IoT.Data.Model.csproj", "{6CA7F09D-7B3F-4F60-8F1A-5B18AFF5AC91}"
EndProject
Project("{FAE04EC0-301F-11D3-BF4B-00C04F79EFBC}") = "ST.IoT.Data.Neo.Console.Runner", "ST.IoT.Data.Neo.Console.Runner\ST.IoT.Data.Neo.Console.Runner.csproj", "{94057604-12CB-4FED-8B81-C35A688C2DBB}"
EndProject
Project("{2150E333-8FDC-42A3-9474-1A3956D46DE8}") = "Minions", "Minions", "{DE2D211C-41E3-42D0-898A-F069C76EF69D}"
EndProject
Project("{FAE04EC0-301F-11D3-BF4B-00C04F79EFBC}") = "ST.IoT.Services.Minions.ConsoleRunner", "ST.IoT.Services.Minions.ConsoleRunner\ST.IoT.Services.Minions.ConsoleRunner.csproj", "{2FC6C02D-49F9-470D-888D-D6BD127A9DB1}"
EndProject
Project("{FAE04EC0-301F-11D3-BF4B-00C04F79EFBC}") = "ST.IoT.Services.Minions.Messages", "ST.IoT.Services.Minions.Messages\ST.IoT.Services.Minions.Messages.csproj", "{626531C9-7A6A-478E-944B-7247806BC176}"
EndProject
Project("{FAE04EC0-301F-11D3-BF4B-00C04F79EFBC}") = "ST.IoT.Services.Minions.Interfaces", "ST.IoT.Services.Minions.Interfaces\ST.IoT.Services.Minions.Interfaces.csproj", "{631F5AF0-71CC-4F6F-A4FB-C75AFFB76A18}"
EndProject
Project("{FAE04EC0-301F-11D3-BF4B-00C04F79EFBC}") = "ST.IoT.Services.Minions.ServiceFacade.RabbitMQ", "ST.IoT.Services.Minions.ServiceFacade.RabbitMQ\ST.IoT.Services.Minions.ServiceFacade.RabbitMQ.csproj", "{0D02F329-47D6-4B80-A4C1-B62B883DA142}"
EndProject
Global
	GlobalSection(SolutionConfigurationPlatforms) = preSolution
		Debug|Any CPU = Debug|Any CPU
		Minions (Debug)|Any CPU = Minions (Debug)|Any CPU
		Release|Any CPU = Release|Any CPU
	EndGlobalSection
	GlobalSection(ProjectConfigurationPlatforms) = postSolution
		{2850AEB6-3AA5-455C-BDD1-FA442993B5BD}.Debug|Any CPU.ActiveCfg = Debug|Any CPU
		{2850AEB6-3AA5-455C-BDD1-FA442993B5BD}.Debug|Any CPU.Build.0 = Debug|Any CPU
		{2850AEB6-3AA5-455C-BDD1-FA442993B5BD}.Minions (Debug)|Any CPU.ActiveCfg = Minions (Debug)|Any CPU
		{2850AEB6-3AA5-455C-BDD1-FA442993B5BD}.Minions (Debug)|Any CPU.Build.0 = Minions (Debug)|Any CPU
		{2850AEB6-3AA5-455C-BDD1-FA442993B5BD}.Release|Any CPU.ActiveCfg = Release|Any CPU
		{2850AEB6-3AA5-455C-BDD1-FA442993B5BD}.Release|Any CPU.Build.0 = Release|Any CPU
		{3F935D88-4B4A-4169-83DB-181A64DDC7A4}.Debug|Any CPU.ActiveCfg = Debug|Any CPU
		{3F935D88-4B4A-4169-83DB-181A64DDC7A4}.Debug|Any CPU.Build.0 = Debug|Any CPU
		{3F935D88-4B4A-4169-83DB-181A64DDC7A4}.Minions (Debug)|Any CPU.ActiveCfg = Minions (Debug)|Any CPU
		{3F935D88-4B4A-4169-83DB-181A64DDC7A4}.Minions (Debug)|Any CPU.Build.0 = Minions (Debug)|Any CPU
		{3F935D88-4B4A-4169-83DB-181A64DDC7A4}.Release|Any CPU.ActiveCfg = Release|Any CPU
		{3F935D88-4B4A-4169-83DB-181A64DDC7A4}.Release|Any CPU.Build.0 = Release|Any CPU
		{EF152B6F-E350-4865-AE93-56622CA5BD0E}.Debug|Any CPU.ActiveCfg = Debug|Any CPU
		{EF152B6F-E350-4865-AE93-56622CA5BD0E}.Debug|Any CPU.Build.0 = Debug|Any CPU
		{EF152B6F-E350-4865-AE93-56622CA5BD0E}.Minions (Debug)|Any CPU.ActiveCfg = Minions (Debug)|Any CPU
		{EF152B6F-E350-4865-AE93-56622CA5BD0E}.Minions (Debug)|Any CPU.Build.0 = Minions (Debug)|Any CPU
		{EF152B6F-E350-4865-AE93-56622CA5BD0E}.Release|Any CPU.ActiveCfg = Release|Any CPU
		{EF152B6F-E350-4865-AE93-56622CA5BD0E}.Release|Any CPU.Build.0 = Release|Any CPU
		{4B56AE1C-7FC1-4FC7-9C2E-BD40DEA84CD6}.Debug|Any CPU.ActiveCfg = Debug|Any CPU
		{4B56AE1C-7FC1-4FC7-9C2E-BD40DEA84CD6}.Debug|Any CPU.Build.0 = Debug|Any CPU
		{4B56AE1C-7FC1-4FC7-9C2E-BD40DEA84CD6}.Minions (Debug)|Any CPU.ActiveCfg = Minions (Debug)|Any CPU
		{4B56AE1C-7FC1-4FC7-9C2E-BD40DEA84CD6}.Minions (Debug)|Any CPU.Build.0 = Minions (Debug)|Any CPU
		{4B56AE1C-7FC1-4FC7-9C2E-BD40DEA84CD6}.Release|Any CPU.ActiveCfg = Release|Any CPU
		{4B56AE1C-7FC1-4FC7-9C2E-BD40DEA84CD6}.Release|Any CPU.Build.0 = Release|Any CPU
		{9250E7A7-02FB-45D2-8400-413B7C9087BA}.Debug|Any CPU.ActiveCfg = Debug|Any CPU
		{9250E7A7-02FB-45D2-8400-413B7C9087BA}.Debug|Any CPU.Build.0 = Debug|Any CPU
		{9250E7A7-02FB-45D2-8400-413B7C9087BA}.Minions (Debug)|Any CPU.ActiveCfg = Minions (Debug)|Any CPU
		{9250E7A7-02FB-45D2-8400-413B7C9087BA}.Minions (Debug)|Any CPU.Build.0 = Minions (Debug)|Any CPU
		{9250E7A7-02FB-45D2-8400-413B7C9087BA}.Release|Any CPU.ActiveCfg = Release|Any CPU
		{9250E7A7-02FB-45D2-8400-413B7C9087BA}.Release|Any CPU.Build.0 = Release|Any CPU
		{74974273-3FC3-44BA-BD83-67782FD91AA4}.Debug|Any CPU.ActiveCfg = Debug|Any CPU
		{74974273-3FC3-44BA-BD83-67782FD91AA4}.Debug|Any CPU.Build.0 = Debug|Any CPU
		{74974273-3FC3-44BA-BD83-67782FD91AA4}.Minions (Debug)|Any CPU.ActiveCfg = Minions (Debug)|Any CPU
		{74974273-3FC3-44BA-BD83-67782FD91AA4}.Minions (Debug)|Any CPU.Build.0 = Minions (Debug)|Any CPU
		{74974273-3FC3-44BA-BD83-67782FD91AA4}.Release|Any CPU.ActiveCfg = Release|Any CPU
		{74974273-3FC3-44BA-BD83-67782FD91AA4}.Release|Any CPU.Build.0 = Release|Any CPU
		{D180F34B-C16C-4EEF-A8A4-80A101B6A279}.Debug|Any CPU.ActiveCfg = Debug|Any CPU
		{D180F34B-C16C-4EEF-A8A4-80A101B6A279}.Debug|Any CPU.Build.0 = Debug|Any CPU
		{D180F34B-C16C-4EEF-A8A4-80A101B6A279}.Minions (Debug)|Any CPU.ActiveCfg = Minions (Debug)|Any CPU
		{D180F34B-C16C-4EEF-A8A4-80A101B6A279}.Minions (Debug)|Any CPU.Build.0 = Minions (Debug)|Any CPU
		{D180F34B-C16C-4EEF-A8A4-80A101B6A279}.Release|Any CPU.ActiveCfg = Release|Any CPU
		{D180F34B-C16C-4EEF-A8A4-80A101B6A279}.Release|Any CPU.Build.0 = Release|Any CPU
		{9F834D0E-3E8F-436C-AED7-FC87978DF7B9}.Debug|Any CPU.ActiveCfg = Debug|Any CPU
		{9F834D0E-3E8F-436C-AED7-FC87978DF7B9}.Debug|Any CPU.Build.0 = Debug|Any CPU
		{9F834D0E-3E8F-436C-AED7-FC87978DF7B9}.Minions (Debug)|Any CPU.ActiveCfg = Minions (Debug)|Any CPU
		{9F834D0E-3E8F-436C-AED7-FC87978DF7B9}.Minions (Debug)|Any CPU.Build.0 = Minions (Debug)|Any CPU
		{9F834D0E-3E8F-436C-AED7-FC87978DF7B9}.Release|Any CPU.ActiveCfg = Release|Any CPU
		{9F834D0E-3E8F-436C-AED7-FC87978DF7B9}.Release|Any CPU.Build.0 = Release|Any CPU
		{2891CCE1-71CD-4916-8357-F3AA0B21D7F9}.Debug|Any CPU.ActiveCfg = Debug|Any CPU
		{2891CCE1-71CD-4916-8357-F3AA0B21D7F9}.Debug|Any CPU.Build.0 = Debug|Any CPU
		{2891CCE1-71CD-4916-8357-F3AA0B21D7F9}.Minions (Debug)|Any CPU.ActiveCfg = Minions (Debug)|Any CPU
		{2891CCE1-71CD-4916-8357-F3AA0B21D7F9}.Minions (Debug)|Any CPU.Build.0 = Minions (Debug)|Any CPU
		{2891CCE1-71CD-4916-8357-F3AA0B21D7F9}.Release|Any CPU.ActiveCfg = Release|Any CPU
		{2891CCE1-71CD-4916-8357-F3AA0B21D7F9}.Release|Any CPU.Build.0 = Release|Any CPU
		{3228798E-5937-4DB1-B668-1130217F0EE4}.Debug|Any CPU.ActiveCfg = Debug|Any CPU
		{3228798E-5937-4DB1-B668-1130217F0EE4}.Debug|Any CPU.Build.0 = Debug|Any CPU
		{3228798E-5937-4DB1-B668-1130217F0EE4}.Minions (Debug)|Any CPU.ActiveCfg = Minions (Debug)|Any CPU
		{3228798E-5937-4DB1-B668-1130217F0EE4}.Minions (Debug)|Any CPU.Build.0 = Minions (Debug)|Any CPU
		{3228798E-5937-4DB1-B668-1130217F0EE4}.Release|Any CPU.ActiveCfg = Release|Any CPU
		{3228798E-5937-4DB1-B668-1130217F0EE4}.Release|Any CPU.Build.0 = Release|Any CPU
		{F76CAEB2-3AA6-462C-9154-C4A1BDD55D56}.Debug|Any CPU.ActiveCfg = Debug|Any CPU
		{F76CAEB2-3AA6-462C-9154-C4A1BDD55D56}.Debug|Any CPU.Build.0 = Debug|Any CPU
		{F76CAEB2-3AA6-462C-9154-C4A1BDD55D56}.Minions (Debug)|Any CPU.ActiveCfg = Minions (Debug)|Any CPU
		{F76CAEB2-3AA6-462C-9154-C4A1BDD55D56}.Minions (Debug)|Any CPU.Build.0 = Minions (Debug)|Any CPU
		{F76CAEB2-3AA6-462C-9154-C4A1BDD55D56}.Release|Any CPU.ActiveCfg = Release|Any CPU
		{F76CAEB2-3AA6-462C-9154-C4A1BDD55D56}.Release|Any CPU.Build.0 = Release|Any CPU
		{3074D5C0-B361-4A99-8F3F-36CD0DCC0D7F}.Debug|Any CPU.ActiveCfg = Debug|Any CPU
		{3074D5C0-B361-4A99-8F3F-36CD0DCC0D7F}.Debug|Any CPU.Build.0 = Debug|Any CPU
		{3074D5C0-B361-4A99-8F3F-36CD0DCC0D7F}.Minions (Debug)|Any CPU.ActiveCfg = Minions (Debug)|Any CPU
		{3074D5C0-B361-4A99-8F3F-36CD0DCC0D7F}.Minions (Debug)|Any CPU.Build.0 = Minions (Debug)|Any CPU
		{3074D5C0-B361-4A99-8F3F-36CD0DCC0D7F}.Release|Any CPU.ActiveCfg = Release|Any CPU
		{3074D5C0-B361-4A99-8F3F-36CD0DCC0D7F}.Release|Any CPU.Build.0 = Release|Any CPU
		{1A6E21E3-FD11-4531-A89B-A33D291D1B86}.Debug|Any CPU.ActiveCfg = Debug|Any CPU
		{1A6E21E3-FD11-4531-A89B-A33D291D1B86}.Debug|Any CPU.Build.0 = Debug|Any CPU
		{1A6E21E3-FD11-4531-A89B-A33D291D1B86}.Minions (Debug)|Any CPU.ActiveCfg = Minions (Debug)|Any CPU
		{1A6E21E3-FD11-4531-A89B-A33D291D1B86}.Minions (Debug)|Any CPU.Build.0 = Minions (Debug)|Any CPU
		{1A6E21E3-FD11-4531-A89B-A33D291D1B86}.Release|Any CPU.ActiveCfg = Release|Any CPU
		{1A6E21E3-FD11-4531-A89B-A33D291D1B86}.Release|Any CPU.Build.0 = Release|Any CPU
		{CF9794E6-2A5F-4900-AD3B-3D442EBBFE7E}.Debug|Any CPU.ActiveCfg = Debug|Any CPU
		{CF9794E6-2A5F-4900-AD3B-3D442EBBFE7E}.Debug|Any CPU.Build.0 = Debug|Any CPU
		{CF9794E6-2A5F-4900-AD3B-3D442EBBFE7E}.Minions (Debug)|Any CPU.ActiveCfg = Minions (Debug)|Any CPU
		{CF9794E6-2A5F-4900-AD3B-3D442EBBFE7E}.Minions (Debug)|Any CPU.Build.0 = Minions (Debug)|Any CPU
		{CF9794E6-2A5F-4900-AD3B-3D442EBBFE7E}.Release|Any CPU.ActiveCfg = Release|Any CPU
		{CF9794E6-2A5F-4900-AD3B-3D442EBBFE7E}.Release|Any CPU.Build.0 = Release|Any CPU
		{673B0121-8955-4096-9F00-B0EB298F2F91}.Debug|Any CPU.ActiveCfg = Debug|Any CPU
		{673B0121-8955-4096-9F00-B0EB298F2F91}.Debug|Any CPU.Build.0 = Debug|Any CPU
		{673B0121-8955-4096-9F00-B0EB298F2F91}.Minions (Debug)|Any CPU.ActiveCfg = Minions (Debug)|Any CPU
		{673B0121-8955-4096-9F00-B0EB298F2F91}.Minions (Debug)|Any CPU.Build.0 = Minions (Debug)|Any CPU
		{673B0121-8955-4096-9F00-B0EB298F2F91}.Release|Any CPU.ActiveCfg = Release|Any CPU
		{673B0121-8955-4096-9F00-B0EB298F2F91}.Release|Any CPU.Build.0 = Release|Any CPU
		{72078317-EBEF-47B4-B5A9-820799FEB233}.Debug|Any CPU.ActiveCfg = Debug|Any CPU
		{72078317-EBEF-47B4-B5A9-820799FEB233}.Debug|Any CPU.Build.0 = Debug|Any CPU
		{72078317-EBEF-47B4-B5A9-820799FEB233}.Minions (Debug)|Any CPU.ActiveCfg = Minions (Debug)|Any CPU
		{72078317-EBEF-47B4-B5A9-820799FEB233}.Minions (Debug)|Any CPU.Build.0 = Minions (Debug)|Any CPU
		{72078317-EBEF-47B4-B5A9-820799FEB233}.Release|Any CPU.ActiveCfg = Release|Any CPU
		{72078317-EBEF-47B4-B5A9-820799FEB233}.Release|Any CPU.Build.0 = Release|Any CPU
		{6B75F104-47AE-4C3C-B33D-E88D18BFCC52}.Debug|Any CPU.ActiveCfg = Debug|Any CPU
		{6B75F104-47AE-4C3C-B33D-E88D18BFCC52}.Debug|Any CPU.Build.0 = Debug|Any CPU
		{6B75F104-47AE-4C3C-B33D-E88D18BFCC52}.Minions (Debug)|Any CPU.ActiveCfg = Minions (Debug)|Any CPU
		{6B75F104-47AE-4C3C-B33D-E88D18BFCC52}.Minions (Debug)|Any CPU.Build.0 = Minions (Debug)|Any CPU
		{6B75F104-47AE-4C3C-B33D-E88D18BFCC52}.Release|Any CPU.ActiveCfg = Release|Any CPU
		{6B75F104-47AE-4C3C-B33D-E88D18BFCC52}.Release|Any CPU.Build.0 = Release|Any CPU
		{2F550B99-21F0-4B0E-AC15-7521E29A0DC8}.Debug|Any CPU.ActiveCfg = Debug|Any CPU
		{2F550B99-21F0-4B0E-AC15-7521E29A0DC8}.Debug|Any CPU.Build.0 = Debug|Any CPU
		{2F550B99-21F0-4B0E-AC15-7521E29A0DC8}.Minions (Debug)|Any CPU.ActiveCfg = Minions (Debug)|Any CPU
		{2F550B99-21F0-4B0E-AC15-7521E29A0DC8}.Minions (Debug)|Any CPU.Build.0 = Minions (Debug)|Any CPU
		{2F550B99-21F0-4B0E-AC15-7521E29A0DC8}.Release|Any CPU.ActiveCfg = Release|Any CPU
		{2F550B99-21F0-4B0E-AC15-7521E29A0DC8}.Release|Any CPU.Build.0 = Release|Any CPU
		{1C564EF5-3F51-4805-A168-1825C5DF1E28}.Debug|Any CPU.ActiveCfg = Debug|Any CPU
		{1C564EF5-3F51-4805-A168-1825C5DF1E28}.Debug|Any CPU.Build.0 = Debug|Any CPU
		{1C564EF5-3F51-4805-A168-1825C5DF1E28}.Minions (Debug)|Any CPU.ActiveCfg = Minions (Debug)|Any CPU
		{1C564EF5-3F51-4805-A168-1825C5DF1E28}.Minions (Debug)|Any CPU.Build.0 = Minions (Debug)|Any CPU
		{1C564EF5-3F51-4805-A168-1825C5DF1E28}.Release|Any CPU.ActiveCfg = Release|Any CPU
		{1C564EF5-3F51-4805-A168-1825C5DF1E28}.Release|Any CPU.Build.0 = Release|Any CPU
		{7129DBAC-7BD4-428F-A7B7-C51C86578E13}.Debug|Any CPU.ActiveCfg = Debug|Any CPU
		{7129DBAC-7BD4-428F-A7B7-C51C86578E13}.Debug|Any CPU.Build.0 = Debug|Any CPU
		{7129DBAC-7BD4-428F-A7B7-C51C86578E13}.Minions (Debug)|Any CPU.ActiveCfg = Minions (Debug)|Any CPU
		{7129DBAC-7BD4-428F-A7B7-C51C86578E13}.Minions (Debug)|Any CPU.Build.0 = Minions (Debug)|Any CPU
		{7129DBAC-7BD4-428F-A7B7-C51C86578E13}.Release|Any CPU.ActiveCfg = Release|Any CPU
		{7129DBAC-7BD4-428F-A7B7-C51C86578E13}.Release|Any CPU.Build.0 = Release|Any CPU
		{8658C247-20D3-48E7-819D-A9FE4AD05ADD}.Debug|Any CPU.ActiveCfg = Debug|Any CPU
		{8658C247-20D3-48E7-819D-A9FE4AD05ADD}.Debug|Any CPU.Build.0 = Debug|Any CPU
		{8658C247-20D3-48E7-819D-A9FE4AD05ADD}.Minions (Debug)|Any CPU.ActiveCfg = Minions (Debug)|Any CPU
		{8658C247-20D3-48E7-819D-A9FE4AD05ADD}.Minions (Debug)|Any CPU.Build.0 = Minions (Debug)|Any CPU
		{8658C247-20D3-48E7-819D-A9FE4AD05ADD}.Release|Any CPU.ActiveCfg = Release|Any CPU
		{8658C247-20D3-48E7-819D-A9FE4AD05ADD}.Release|Any CPU.Build.0 = Release|Any CPU
		{2493ADBE-0D46-4B93-B236-4FFB1989C70B}.Debug|Any CPU.ActiveCfg = Debug|Any CPU
		{2493ADBE-0D46-4B93-B236-4FFB1989C70B}.Debug|Any CPU.Build.0 = Debug|Any CPU
		{2493ADBE-0D46-4B93-B236-4FFB1989C70B}.Minions (Debug)|Any CPU.ActiveCfg = Debug|Any CPU
		{2493ADBE-0D46-4B93-B236-4FFB1989C70B}.Minions (Debug)|Any CPU.Build.0 = Debug|Any CPU
		{2493ADBE-0D46-4B93-B236-4FFB1989C70B}.Release|Any CPU.ActiveCfg = Release|Any CPU
		{2493ADBE-0D46-4B93-B236-4FFB1989C70B}.Release|Any CPU.Build.0 = Release|Any CPU
		{EE120167-B72E-4F3A-85D3-16A83BBE0F6D}.Debug|Any CPU.ActiveCfg = Debug|Any CPU
		{EE120167-B72E-4F3A-85D3-16A83BBE0F6D}.Debug|Any CPU.Build.0 = Debug|Any CPU
		{EE120167-B72E-4F3A-85D3-16A83BBE0F6D}.Minions (Debug)|Any CPU.ActiveCfg = Debug|Any CPU
		{EE120167-B72E-4F3A-85D3-16A83BBE0F6D}.Minions (Debug)|Any CPU.Build.0 = Debug|Any CPU
		{EE120167-B72E-4F3A-85D3-16A83BBE0F6D}.Release|Any CPU.ActiveCfg = Release|Any CPU
		{EE120167-B72E-4F3A-85D3-16A83BBE0F6D}.Release|Any CPU.Build.0 = Release|Any CPU
		{6D091CA1-24C8-4D1E-887D-F456AE5D6D7D}.Debug|Any CPU.ActiveCfg = Debug|Any CPU
		{6D091CA1-24C8-4D1E-887D-F456AE5D6D7D}.Debug|Any CPU.Build.0 = Debug|Any CPU
		{6D091CA1-24C8-4D1E-887D-F456AE5D6D7D}.Minions (Debug)|Any CPU.ActiveCfg = Debug|Any CPU
		{6D091CA1-24C8-4D1E-887D-F456AE5D6D7D}.Minions (Debug)|Any CPU.Build.0 = Debug|Any CPU
		{6D091CA1-24C8-4D1E-887D-F456AE5D6D7D}.Release|Any CPU.ActiveCfg = Release|Any CPU
		{6D091CA1-24C8-4D1E-887D-F456AE5D6D7D}.Release|Any CPU.Build.0 = Release|Any CPU
		{38AF213B-6320-4C46-8878-A21BA73C38CF}.Debug|Any CPU.ActiveCfg = Debug|Any CPU
		{38AF213B-6320-4C46-8878-A21BA73C38CF}.Debug|Any CPU.Build.0 = Debug|Any CPU
		{38AF213B-6320-4C46-8878-A21BA73C38CF}.Minions (Debug)|Any CPU.ActiveCfg = Debug|Any CPU
		{38AF213B-6320-4C46-8878-A21BA73C38CF}.Minions (Debug)|Any CPU.Build.0 = Debug|Any CPU
		{38AF213B-6320-4C46-8878-A21BA73C38CF}.Release|Any CPU.ActiveCfg = Release|Any CPU
		{38AF213B-6320-4C46-8878-A21BA73C38CF}.Release|Any CPU.Build.0 = Release|Any CPU
		{CA70397F-6809-4FC6-8FCC-A1FACA830E89}.Debug|Any CPU.ActiveCfg = Debug|Any CPU
		{CA70397F-6809-4FC6-8FCC-A1FACA830E89}.Debug|Any CPU.Build.0 = Debug|Any CPU
		{CA70397F-6809-4FC6-8FCC-A1FACA830E89}.Minions (Debug)|Any CPU.ActiveCfg = Debug|Any CPU
		{CA70397F-6809-4FC6-8FCC-A1FACA830E89}.Minions (Debug)|Any CPU.Build.0 = Debug|Any CPU
		{CA70397F-6809-4FC6-8FCC-A1FACA830E89}.Release|Any CPU.ActiveCfg = Release|Any CPU
		{CA70397F-6809-4FC6-8FCC-A1FACA830E89}.Release|Any CPU.Build.0 = Release|Any CPU
		{6D6EB29B-3268-4326-B82D-8F7A4C2B7BD8}.Debug|Any CPU.ActiveCfg = Debug|Any CPU
		{6D6EB29B-3268-4326-B82D-8F7A4C2B7BD8}.Debug|Any CPU.Build.0 = Debug|Any CPU
		{6D6EB29B-3268-4326-B82D-8F7A4C2B7BD8}.Minions (Debug)|Any CPU.ActiveCfg = Debug|Any CPU
		{6D6EB29B-3268-4326-B82D-8F7A4C2B7BD8}.Minions (Debug)|Any CPU.Build.0 = Debug|Any CPU
		{6D6EB29B-3268-4326-B82D-8F7A4C2B7BD8}.Release|Any CPU.ActiveCfg = Release|Any CPU
		{6D6EB29B-3268-4326-B82D-8F7A4C2B7BD8}.Release|Any CPU.Build.0 = Release|Any CPU
		{5C77D3ED-34F2-4275-960C-5AC7D9AA4D43}.Debug|Any CPU.ActiveCfg = Debug|Any CPU
		{5C77D3ED-34F2-4275-960C-5AC7D9AA4D43}.Debug|Any CPU.Build.0 = Debug|Any CPU
		{5C77D3ED-34F2-4275-960C-5AC7D9AA4D43}.Minions (Debug)|Any CPU.ActiveCfg = Debug|Any CPU
		{5C77D3ED-34F2-4275-960C-5AC7D9AA4D43}.Minions (Debug)|Any CPU.Build.0 = Debug|Any CPU
		{5C77D3ED-34F2-4275-960C-5AC7D9AA4D43}.Release|Any CPU.ActiveCfg = Release|Any CPU
		{5C77D3ED-34F2-4275-960C-5AC7D9AA4D43}.Release|Any CPU.Build.0 = Release|Any CPU
		{E439691A-4EAF-48CE-A18C-B1F561E5A8F0}.Debug|Any CPU.ActiveCfg = Debug|Any CPU
		{E439691A-4EAF-48CE-A18C-B1F561E5A8F0}.Debug|Any CPU.Build.0 = Debug|Any CPU
		{E439691A-4EAF-48CE-A18C-B1F561E5A8F0}.Minions (Debug)|Any CPU.ActiveCfg = Debug|Any CPU
		{E439691A-4EAF-48CE-A18C-B1F561E5A8F0}.Minions (Debug)|Any CPU.Build.0 = Debug|Any CPU
		{E439691A-4EAF-48CE-A18C-B1F561E5A8F0}.Release|Any CPU.ActiveCfg = Release|Any CPU
		{E439691A-4EAF-48CE-A18C-B1F561E5A8F0}.Release|Any CPU.Build.0 = Release|Any CPU
		{778DB354-010A-45AA-929A-D16C2A22B23F}.Debug|Any CPU.ActiveCfg = Debug|Any CPU
		{778DB354-010A-45AA-929A-D16C2A22B23F}.Debug|Any CPU.Build.0 = Debug|Any CPU
		{778DB354-010A-45AA-929A-D16C2A22B23F}.Minions (Debug)|Any CPU.ActiveCfg = Debug|Any CPU
		{778DB354-010A-45AA-929A-D16C2A22B23F}.Minions (Debug)|Any CPU.Build.0 = Debug|Any CPU
		{778DB354-010A-45AA-929A-D16C2A22B23F}.Release|Any CPU.ActiveCfg = Release|Any CPU
		{778DB354-010A-45AA-929A-D16C2A22B23F}.Release|Any CPU.Build.0 = Release|Any CPU
		{6CA7F09D-7B3F-4F60-8F1A-5B18AFF5AC91}.Debug|Any CPU.ActiveCfg = Debug|Any CPU
		{6CA7F09D-7B3F-4F60-8F1A-5B18AFF5AC91}.Debug|Any CPU.Build.0 = Debug|Any CPU
		{6CA7F09D-7B3F-4F60-8F1A-5B18AFF5AC91}.Minions (Debug)|Any CPU.ActiveCfg = Debug|Any CPU
		{6CA7F09D-7B3F-4F60-8F1A-5B18AFF5AC91}.Minions (Debug)|Any CPU.Build.0 = Debug|Any CPU
		{6CA7F09D-7B3F-4F60-8F1A-5B18AFF5AC91}.Release|Any CPU.ActiveCfg = Release|Any CPU
		{6CA7F09D-7B3F-4F60-8F1A-5B18AFF5AC91}.Release|Any CPU.Build.0 = Release|Any CPU
		{94057604-12CB-4FED-8B81-C35A688C2DBB}.Debug|Any CPU.ActiveCfg = Debug|Any CPU
		{94057604-12CB-4FED-8B81-C35A688C2DBB}.Debug|Any CPU.Build.0 = Debug|Any CPU
		{94057604-12CB-4FED-8B81-C35A688C2DBB}.Minions (Debug)|Any CPU.ActiveCfg = Debug|Any CPU
		{94057604-12CB-4FED-8B81-C35A688C2DBB}.Minions (Debug)|Any CPU.Build.0 = Debug|Any CPU
		{94057604-12CB-4FED-8B81-C35A688C2DBB}.Release|Any CPU.ActiveCfg = Release|Any CPU
		{94057604-12CB-4FED-8B81-C35A688C2DBB}.Release|Any CPU.Build.0 = Release|Any CPU
		{2FC6C02D-49F9-470D-888D-D6BD127A9DB1}.Debug|Any CPU.ActiveCfg = Debug|Any CPU
		{2FC6C02D-49F9-470D-888D-D6BD127A9DB1}.Debug|Any CPU.Build.0 = Debug|Any CPU
		{2FC6C02D-49F9-470D-888D-D6BD127A9DB1}.Minions (Debug)|Any CPU.ActiveCfg = Debug|Any CPU
		{2FC6C02D-49F9-470D-888D-D6BD127A9DB1}.Minions (Debug)|Any CPU.Build.0 = Debug|Any CPU
		{2FC6C02D-49F9-470D-888D-D6BD127A9DB1}.Release|Any CPU.ActiveCfg = Release|Any CPU
		{2FC6C02D-49F9-470D-888D-D6BD127A9DB1}.Release|Any CPU.Build.0 = Release|Any CPU
		{626531C9-7A6A-478E-944B-7247806BC176}.Debug|Any CPU.ActiveCfg = Debug|Any CPU
		{626531C9-7A6A-478E-944B-7247806BC176}.Debug|Any CPU.Build.0 = Debug|Any CPU
		{626531C9-7A6A-478E-944B-7247806BC176}.Minions (Debug)|Any CPU.ActiveCfg = Debug|Any CPU
		{626531C9-7A6A-478E-944B-7247806BC176}.Minions (Debug)|Any CPU.Build.0 = Debug|Any CPU
		{626531C9-7A6A-478E-944B-7247806BC176}.Release|Any CPU.ActiveCfg = Release|Any CPU
		{626531C9-7A6A-478E-944B-7247806BC176}.Release|Any CPU.Build.0 = Release|Any CPU
		{631F5AF0-71CC-4F6F-A4FB-C75AFFB76A18}.Debug|Any CPU.ActiveCfg = Debug|Any CPU
		{631F5AF0-71CC-4F6F-A4FB-C75AFFB76A18}.Debug|Any CPU.Build.0 = Debug|Any CPU
		{631F5AF0-71CC-4F6F-A4FB-C75AFFB76A18}.Minions (Debug)|Any CPU.ActiveCfg = Debug|Any CPU
		{631F5AF0-71CC-4F6F-A4FB-C75AFFB76A18}.Minions (Debug)|Any CPU.Build.0 = Debug|Any CPU
		{631F5AF0-71CC-4F6F-A4FB-C75AFFB76A18}.Release|Any CPU.ActiveCfg = Release|Any CPU
		{631F5AF0-71CC-4F6F-A4FB-C75AFFB76A18}.Release|Any CPU.Build.0 = Release|Any CPU
		{0D02F329-47D6-4B80-A4C1-B62B883DA142}.Debug|Any CPU.ActiveCfg = Debug|Any CPU
		{0D02F329-47D6-4B80-A4C1-B62B883DA142}.Debug|Any CPU.Build.0 = Debug|Any CPU
		{0D02F329-47D6-4B80-A4C1-B62B883DA142}.Minions (Debug)|Any CPU.ActiveCfg = Debug|Any CPU
		{0D02F329-47D6-4B80-A4C1-B62B883DA142}.Minions (Debug)|Any CPU.Build.0 = Debug|Any CPU
		{0D02F329-47D6-4B80-A4C1-B62B883DA142}.Release|Any CPU.ActiveCfg = Release|Any CPU
		{0D02F329-47D6-4B80-A4C1-B62B883DA142}.Release|Any CPU.Build.0 = Release|Any CPU
	EndGlobalSection
	GlobalSection(SolutionProperties) = preSolution
		HideSolutionNode = FALSE
	EndGlobalSection
	GlobalSection(NestedProjects) = preSolution
		{FD954637-E856-44EA-9F64-574C8D9FF5A2} = {D8B2BA5C-87E7-445B-8275-78DDAD1A5DA6}
		{2850AEB6-3AA5-455C-BDD1-FA442993B5BD} = {FD954637-E856-44EA-9F64-574C8D9FF5A2}
		{3F935D88-4B4A-4169-83DB-181A64DDC7A4} = {FD954637-E856-44EA-9F64-574C8D9FF5A2}
		{EF152B6F-E350-4865-AE93-56622CA5BD0E} = {FD954637-E856-44EA-9F64-574C8D9FF5A2}
		{4B56AE1C-7FC1-4FC7-9C2E-BD40DEA84CD6} = {3467793A-F4A5-42D3-8059-9106828E9A78}
		{9250E7A7-02FB-45D2-8400-413B7C9087BA} = {3467793A-F4A5-42D3-8059-9106828E9A78}
		{4882B679-73CA-4CD1-ADE8-2231FD9495A2} = {D8B2BA5C-87E7-445B-8275-78DDAD1A5DA6}
		{74974273-3FC3-44BA-BD83-67782FD91AA4} = {4882B679-73CA-4CD1-ADE8-2231FD9495A2}
		{D180F34B-C16C-4EEF-A8A4-80A101B6A279} = {3467793A-F4A5-42D3-8059-9106828E9A78}
		{9F834D0E-3E8F-436C-AED7-FC87978DF7B9} = {442A32E6-3E5D-4A9D-8723-EA7078FDC8AA}
		{2891CCE1-71CD-4916-8357-F3AA0B21D7F9} = {72B7C7B2-8F35-42BC-8C3E-B6E87748AC36}
		{3228798E-5937-4DB1-B668-1130217F0EE4} = {73CB2A9A-F92A-47BC-B3C8-E7677B371897}
		{F76CAEB2-3AA6-462C-9154-C4A1BDD55D56} = {56549915-42D7-4A09-ABEE-C2E267552974}
		{29BEF99B-9792-4284-8E96-4A9BFE7D0E17} = {73CB2A9A-F92A-47BC-B3C8-E7677B371897}
		{56549915-42D7-4A09-ABEE-C2E267552974} = {29BEF99B-9792-4284-8E96-4A9BFE7D0E17}
		{3074D5C0-B361-4A99-8F3F-36CD0DCC0D7F} = {56549915-42D7-4A09-ABEE-C2E267552974}
		{1A6E21E3-FD11-4531-A89B-A33D291D1B86} = {56549915-42D7-4A09-ABEE-C2E267552974}
		{0189D815-5264-4733-B85D-9C3E34C459A1} = {29BEF99B-9792-4284-8E96-4A9BFE7D0E17}
		{CF9794E6-2A5F-4900-AD3B-3D442EBBFE7E} = {0189D815-5264-4733-B85D-9C3E34C459A1}
		{673B0121-8955-4096-9F00-B0EB298F2F91} = {0189D815-5264-4733-B85D-9C3E34C459A1}
		{72078317-EBEF-47B4-B5A9-820799FEB233} = {4882B679-73CA-4CD1-ADE8-2231FD9495A2}
		{6B75F104-47AE-4C3C-B33D-E88D18BFCC52} = {3467793A-F4A5-42D3-8059-9106828E9A78}
		{2F550B99-21F0-4B0E-AC15-7521E29A0DC8} = {3467793A-F4A5-42D3-8059-9106828E9A78}
		{F5D4AE40-E52E-4E03-AA73-04D9D89560EF} = {73CB2A9A-F92A-47BC-B3C8-E7677B371897}
		{1C564EF5-3F51-4805-A168-1825C5DF1E28} = {F5D4AE40-E52E-4E03-AA73-04D9D89560EF}
		{7129DBAC-7BD4-428F-A7B7-C51C86578E13} = {F5D4AE40-E52E-4E03-AA73-04D9D89560EF}
		{8658C247-20D3-48E7-819D-A9FE4AD05ADD} = {73CB2A9A-F92A-47BC-B3C8-E7677B371897}
		{06125B82-C4F0-461E-8897-F6FFD4E8E023} = {4882B679-73CA-4CD1-ADE8-2231FD9495A2}
		{2493ADBE-0D46-4B93-B236-4FFB1989C70B} = {06125B82-C4F0-461E-8897-F6FFD4E8E023}
		{EE120167-B72E-4F3A-85D3-16A83BBE0F6D} = {06125B82-C4F0-461E-8897-F6FFD4E8E023}
		{6D091CA1-24C8-4D1E-887D-F456AE5D6D7D} = {DE2D211C-41E3-42D0-898A-F069C76EF69D}
		{38AF213B-6320-4C46-8878-A21BA73C38CF} = {38280E56-4107-4B5E-A510-6A720E0555EF}
		{CA70397F-6809-4FC6-8FCC-A1FACA830E89} = {DE2D211C-41E3-42D0-898A-F069C76EF69D}
		{6D6EB29B-3268-4326-B82D-8F7A4C2B7BD8} = {DE2D211C-41E3-42D0-898A-F069C76EF69D}
		{5C77D3ED-34F2-4275-960C-5AC7D9AA4D43} = {DE2D211C-41E3-42D0-898A-F069C76EF69D}
		{E439691A-4EAF-48CE-A18C-B1F561E5A8F0} = {D41C1E62-B92F-4F8C-B502-169ACB1E7C23}
		{778DB354-010A-45AA-929A-D16C2A22B23F} = {D41C1E62-B92F-4F8C-B502-169ACB1E7C23}
		{6CA7F09D-7B3F-4F60-8F1A-5B18AFF5AC91} = {D41C1E62-B92F-4F8C-B502-169ACB1E7C23}
		{94057604-12CB-4FED-8B81-C35A688C2DBB} = {D41C1E62-B92F-4F8C-B502-169ACB1E7C23}
		{DE2D211C-41E3-42D0-898A-F069C76EF69D} = {38280E56-4107-4B5E-A510-6A720E0555EF}
		{2FC6C02D-49F9-470D-888D-D6BD127A9DB1} = {DE2D211C-41E3-42D0-898A-F069C76EF69D}
		{626531C9-7A6A-478E-944B-7247806BC176} = {DE2D211C-41E3-42D0-898A-F069C76EF69D}
		{631F5AF0-71CC-4F6F-A4FB-C75AFFB76A18} = {DE2D211C-41E3-42D0-898A-F069C76EF69D}
		{0D02F329-47D6-4B80-A4C1-B62B883DA142} = {DE2D211C-41E3-42D0-898A-F069C76EF69D}
	EndGlobalSection
EndGlobal
